// !$*UTF8*$!
{
	archiveVersion = 1;
	classes = {
	};
	objectVersion = 51;
	objects = {

/* Begin PBXBuildFile section */
		0651EACD22E826E6007C31FD /* AppDelegate.swift in Sources */ = {isa = PBXBuildFile; fileRef = 0651EACC22E826E6007C31FD /* AppDelegate.swift */; };
		0651EACF22E826E6007C31FD /* ViewController.swift in Sources */ = {isa = PBXBuildFile; fileRef = 0651EACE22E826E6007C31FD /* ViewController.swift */; };
		0651EAD222E826E6007C31FD /* Main.storyboard in Resources */ = {isa = PBXBuildFile; fileRef = 0651EAD022E826E6007C31FD /* Main.storyboard */; };
		0651EAD422E826E7007C31FD /* Assets.xcassets in Resources */ = {isa = PBXBuildFile; fileRef = 0651EAD322E826E7007C31FD /* Assets.xcassets */; };
		0651EAD722E826E7007C31FD /* LaunchScreen.storyboard in Resources */ = {isa = PBXBuildFile; fileRef = 0651EAD522E826E7007C31FD /* LaunchScreen.storyboard */; };
		0651EB4322E82BDE007C31FD /* TGMine_extension.swift in Sources */ = {isa = PBXBuildFile; fileRef = 0651EB4222E82BDE007C31FD /* TGMine_extension.swift */; };
		0651EB4922E82C53007C31FD /* CTMediator.m in Sources */ = {isa = PBXBuildFile; fileRef = 0651EB4722E82C52007C31FD /* CTMediator.m */; };
		13929D082316565EDF48817F /* Pods_TGMine_extension.framework in Frameworks */ = {isa = PBXBuildFile; fileRef = D1299C26EA91DECAE45A74C9 /* Pods_TGMine_extension.framework */; };
/* End PBXBuildFile section */

/* Begin PBXFileReference section */
		0651EAC922E826E6007C31FD /* TGMine_extension.app */ = {isa = PBXFileReference; explicitFileType = wrapper.application; includeInIndex = 0; path = TGMine_extension.app; sourceTree = BUILT_PRODUCTS_DIR; };
		0651EACC22E826E6007C31FD /* AppDelegate.swift */ = {isa = PBXFileReference; lastKnownFileType = sourcecode.swift; path = AppDelegate.swift; sourceTree = "<group>"; };
		0651EACE22E826E6007C31FD /* ViewController.swift */ = {isa = PBXFileReference; lastKnownFileType = sourcecode.swift; path = ViewController.swift; sourceTree = "<group>"; };
		0651EAD122E826E6007C31FD /* Base */ = {isa = PBXFileReference; lastKnownFileType = file.storyboard; name = Base; path = Base.lproj/Main.storyboard; sourceTree = "<group>"; };
		0651EAD322E826E7007C31FD /* Assets.xcassets */ = {isa = PBXFileReference; lastKnownFileType = folder.assetcatalog; path = Assets.xcassets; sourceTree = "<group>"; };
		0651EAD622E826E7007C31FD /* Base */ = {isa = PBXFileReference; lastKnownFileType = file.storyboard; name = Base; path = Base.lproj/LaunchScreen.storyboard; sourceTree = "<group>"; };
		0651EAD822E826E7007C31FD /* Info.plist */ = {isa = PBXFileReference; lastKnownFileType = text.plist.xml; path = Info.plist; sourceTree = "<group>"; };
		0651EB4222E82BDE007C31FD /* TGMine_extension.swift */ = {isa = PBXFileReference; lastKnownFileType = sourcecode.swift; path = TGMine_extension.swift; sourceTree = "<group>"; };
		0651EB4622E82C52007C31FD /* TGMine_extension-Bridging-Header.h */ = {isa = PBXFileReference; lastKnownFileType = sourcecode.c.h; path = "TGMine_extension-Bridging-Header.h"; sourceTree = "<group>"; };
		0651EB4722E82C52007C31FD /* CTMediator.m */ = {isa = PBXFileReference; fileEncoding = 4; lastKnownFileType = sourcecode.c.objc; path = CTMediator.m; sourceTree = "<group>"; };
		0651EB4822E82C52007C31FD /* CTMediator.h */ = {isa = PBXFileReference; fileEncoding = 4; lastKnownFileType = sourcecode.c.h; path = CTMediator.h; sourceTree = "<group>"; };
		A9C159A46F65BB248A7F59F8 /* Pods-TGMine_extension.debug.xcconfig */ = {isa = PBXFileReference; includeInIndex = 1; lastKnownFileType = text.xcconfig; name = "Pods-TGMine_extension.debug.xcconfig"; path = "Target Support Files/Pods-TGMine_extension/Pods-TGMine_extension.debug.xcconfig"; sourceTree = "<group>"; };
		B832673E072BB770ECB8E786 /* Pods-TGMine_extension.release.xcconfig */ = {isa = PBXFileReference; includeInIndex = 1; lastKnownFileType = text.xcconfig; name = "Pods-TGMine_extension.release.xcconfig"; path = "Target Support Files/Pods-TGMine_extension/Pods-TGMine_extension.release.xcconfig"; sourceTree = "<group>"; };
		D1299C26EA91DECAE45A74C9 /* Pods_TGMine_extension.framework */ = {isa = PBXFileReference; explicitFileType = wrapper.framework; includeInIndex = 0; path = Pods_TGMine_extension.framework; sourceTree = BUILT_PRODUCTS_DIR; };
/* End PBXFileReference section */

/* Begin PBXFrameworksBuildPhase section */
		0651EAC622E826E6007C31FD /* Frameworks */ = {
			isa = PBXFrameworksBuildPhase;
			buildActionMask = 2147483647;
			files = (
				13929D082316565EDF48817F /* Pods_TGMine_extension.framework in Frameworks */,
			);
			runOnlyForDeploymentPostprocessing = 0;
		};
/* End PBXFrameworksBuildPhase section */

/* Begin PBXGroup section */
		0651EAC022E826E6007C31FD = {
			isa = PBXGroup;
			children = (
				0651EACB22E826E6007C31FD /* TGMine_extension */,
				0651EACA22E826E6007C31FD /* Products */,
				292F345F5F29F2E7C5F0598A /* Pods */,
				0E25997EEDD6DD30D8A63BCC /* Frameworks */,
			);
			sourceTree = "<group>";
		};
		0651EACA22E826E6007C31FD /* Products */ = {
			isa = PBXGroup;
			children = (
				0651EAC922E826E6007C31FD /* TGMine_extension.app */,
			);
			name = Products;
			sourceTree = "<group>";
		};
		0651EACB22E826E6007C31FD /* TGMine_extension */ = {
			isa = PBXGroup;
			children = (
				0651EADE22E82B5E007C31FD /* TGMine_extension */,
				0651EACC22E826E6007C31FD /* AppDelegate.swift */,
				0651EACE22E826E6007C31FD /* ViewController.swift */,
				0651EAD022E826E6007C31FD /* Main.storyboard */,
				0651EAD322E826E7007C31FD /* Assets.xcassets */,
				0651EAD522E826E7007C31FD /* LaunchScreen.storyboard */,
				0651EB4822E82C52007C31FD /* CTMediator.h */,
				0651EB4722E82C52007C31FD /* CTMediator.m */,
				0651EAD822E826E7007C31FD /* Info.plist */,
				0651EB4622E82C52007C31FD /* TGMine_extension-Bridging-Header.h */,
			);
			path = TGMine_extension;
			sourceTree = "<group>";
		};
		0651EADE22E82B5E007C31FD /* TGMine_extension */ = {
			isa = PBXGroup;
			children = (
				0651EB4222E82BDE007C31FD /* TGMine_extension.swift */,
			);
			path = TGMine_extension;
			sourceTree = "<group>";
		};
		0E25997EEDD6DD30D8A63BCC /* Frameworks */ = {
			isa = PBXGroup;
			children = (
				D1299C26EA91DECAE45A74C9 /* Pods_TGMine_extension.framework */,
			);
			name = Frameworks;
			sourceTree = "<group>";
		};
		292F345F5F29F2E7C5F0598A /* Pods */ = {
			isa = PBXGroup;
			children = (
				A9C159A46F65BB248A7F59F8 /* Pods-TGMine_extension.debug.xcconfig */,
				B832673E072BB770ECB8E786 /* Pods-TGMine_extension.release.xcconfig */,
			);
			path = Pods;
			sourceTree = "<group>";
		};
/* End PBXGroup section */

/* Begin PBXNativeTarget section */
		0651EAC822E826E6007C31FD /* TGMine_extension */ = {
			isa = PBXNativeTarget;
			buildConfigurationList = 0651EADB22E826E7007C31FD /* Build configuration list for PBXNativeTarget "TGMine_extension" */;
			buildPhases = (
				316D40CCCFDB1BF057FAAF20 /* [CP] Check Pods Manifest.lock */,
				0651EAC522E826E6007C31FD /* Sources */,
				0651EAC622E826E6007C31FD /* Frameworks */,
				0651EAC722E826E6007C31FD /* Resources */,
				564BBD2FE1D5BD162DACC765 /* [CP] Embed Pods Frameworks */,
			);
			buildRules = (
			);
			dependencies = (
			);
			name = TGMine_extension;
			productName = TGMine_extension;
			productReference = 0651EAC922E826E6007C31FD /* TGMine_extension.app */;
			productType = "com.apple.product-type.application";
		};
/* End PBXNativeTarget section */

/* Begin PBXProject section */
		0651EAC122E826E6007C31FD /* Project object */ = {
			isa = PBXProject;
			attributes = {
				LastSwiftUpdateCheck = 1020;
				LastUpgradeCheck = 1020;
				ORGANIZATIONNAME = tangmengze;
				TargetAttributes = {
					0651EAC822E826E6007C31FD = {
						CreatedOnToolsVersion = 10.2;
						LastSwiftMigration = 1020;
					};
				};
			};
			buildConfigurationList = 0651EAC422E826E6007C31FD /* Build configuration list for PBXProject "TGMine_extension" */;
			compatibilityVersion = "Xcode 9.3";
			developmentRegion = en;
			hasScannedForEncodings = 0;
			knownRegions = (
				en,
				Base,
			);
			mainGroup = 0651EAC022E826E6007C31FD;
			productRefGroup = 0651EACA22E826E6007C31FD /* Products */;
			projectDirPath = "";
			projectRoot = "";
			targets = (
				0651EAC822E826E6007C31FD /* TGMine_extension */,
			);
		};
/* End PBXProject section */

/* Begin PBXResourcesBuildPhase section */
		0651EAC722E826E6007C31FD /* Resources */ = {
			isa = PBXResourcesBuildPhase;
			buildActionMask = 2147483647;
			files = (
				0651EAD722E826E7007C31FD /* LaunchScreen.storyboard in Resources */,
				0651EAD422E826E7007C31FD /* Assets.xcassets in Resources */,
				0651EAD222E826E6007C31FD /* Main.storyboard in Resources */,
			);
			runOnlyForDeploymentPostprocessing = 0;
		};
/* End PBXResourcesBuildPhase section */

/* Begin PBXShellScriptBuildPhase section */
		316D40CCCFDB1BF057FAAF20 /* [CP] Check Pods Manifest.lock */ = {
			isa = PBXShellScriptBuildPhase;
			buildActionMask = 2147483647;
			files = (
			);
			inputFileListPaths = (
			);
			inputPaths = (
				"${PODS_PODFILE_DIR_PATH}/Podfile.lock",
				"${PODS_ROOT}/Manifest.lock",
			);
			name = "[CP] Check Pods Manifest.lock";
			outputFileListPaths = (
			);
			outputPaths = (
				"$(DERIVED_FILE_DIR)/Pods-TGMine_extension-checkManifestLockResult.txt",
			);
			runOnlyForDeploymentPostprocessing = 0;
			shellPath = /bin/sh;
			shellScript = "diff \"${PODS_PODFILE_DIR_PATH}/Podfile.lock\" \"${PODS_ROOT}/Manifest.lock\" > /dev/null\nif [ $? != 0 ] ; then\n    # print error to STDERR\n    echo \"error: The sandbox is not in sync with the Podfile.lock. Run 'pod install' or update your CocoaPods installation.\" >&2\n    exit 1\nfi\n# This output is used by Xcode 'outputs' to avoid re-running this script phase.\necho \"SUCCESS\" > \"${SCRIPT_OUTPUT_FILE_0}\"\n";
			showEnvVarsInLog = 0;
		};
		564BBD2FE1D5BD162DACC765 /* [CP] Embed Pods Frameworks */ = {
			isa = PBXShellScriptBuildPhase;
			buildActionMask = 2147483647;
			files = (
			);
			inputFileListPaths = (
				"${PODS_ROOT}/Target Support Files/Pods-TGMine_extension/Pods-TGMine_extension-frameworks-${CONFIGURATION}-input-files.xcfilelist",
			);
			name = "[CP] Embed Pods Frameworks";
			outputFileListPaths = (
				"${PODS_ROOT}/Target Support Files/Pods-TGMine_extension/Pods-TGMine_extension-frameworks-${CONFIGURATION}-output-files.xcfilelist",
			);
			runOnlyForDeploymentPostprocessing = 0;
			shellPath = /bin/sh;
			shellScript = "\"${PODS_ROOT}/Target Support Files/Pods-TGMine_extension/Pods-TGMine_extension-frameworks.sh\"\n";
			showEnvVarsInLog = 0;
		};
/* End PBXShellScriptBuildPhase section */

/* Begin PBXSourcesBuildPhase section */
		0651EAC522E826E6007C31FD /* Sources */ = {
			isa = PBXSourcesBuildPhase;
			buildActionMask = 2147483647;
			files = (
				0651EACF22E826E6007C31FD /* ViewController.swift in Sources */,
				0651EACD22E826E6007C31FD /* AppDelegate.swift in Sources */,
				0651EB4322E82BDE007C31FD /* TGMine_extension.swift in Sources */,
				0651EB4922E82C53007C31FD /* CTMediator.m in Sources */,
			);
			runOnlyForDeploymentPostprocessing = 0;
		};
/* End PBXSourcesBuildPhase section */

/* Begin PBXVariantGroup section */
		0651EAD022E826E6007C31FD /* Main.storyboard */ = {
			isa = PBXVariantGroup;
			children = (
				0651EAD122E826E6007C31FD /* Base */,
			);
			name = Main.storyboard;
			sourceTree = "<group>";
		};
		0651EAD522E826E7007C31FD /* LaunchScreen.storyboard */ = {
			isa = PBXVariantGroup;
			children = (
				0651EAD622E826E7007C31FD /* Base */,
			);
			name = LaunchScreen.storyboard;
			sourceTree = "<group>";
		};
/* End PBXVariantGroup section */

/* Begin XCBuildConfiguration section */
		0651EAD922E826E7007C31FD /* Debug */ = {
			isa = XCBuildConfiguration;
			buildSettings = {
				ALWAYS_SEARCH_USER_PATHS = NO;
				CLANG_ANALYZER_NONNULL = YES;
				CLANG_ANALYZER_NUMBER_OBJECT_CONVERSION = YES_AGGRESSIVE;
				CLANG_CXX_LANGUAGE_STANDARD = "gnu++14";
				CLANG_CXX_LIBRARY = "libc++";
				CLANG_ENABLE_MODULES = YES;
				CLANG_ENABLE_OBJC_ARC = YES;
				CLANG_ENABLE_OBJC_WEAK = YES;
				CLANG_WARN_BLOCK_CAPTURE_AUTORELEASING = YES;
				CLANG_WARN_BOOL_CONVERSION = YES;
				CLANG_WARN_COMMA = YES;
				CLANG_WARN_CONSTANT_CONVERSION = YES;
				CLANG_WARN_DEPRECATED_OBJC_IMPLEMENTATIONS = YES;
				CLANG_WARN_DIRECT_OBJC_ISA_USAGE = YES_ERROR;
				CLANG_WARN_DOCUMENTATION_COMMENTS = YES;
				CLANG_WARN_EMPTY_BODY = YES;
				CLANG_WARN_ENUM_CONVERSION = YES;
				CLANG_WARN_INFINITE_RECURSION = YES;
				CLANG_WARN_INT_CONVERSION = YES;
				CLANG_WARN_NON_LITERAL_NULL_CONVERSION = YES;
				CLANG_WARN_OBJC_IMPLICIT_RETAIN_SELF = YES;
				CLANG_WARN_OBJC_LITERAL_CONVERSION = YES;
				CLANG_WARN_OBJC_ROOT_CLASS = YES_ERROR;
				CLANG_WARN_RANGE_LOOP_ANALYSIS = YES;
				CLANG_WARN_STRICT_PROTOTYPES = YES;
				CLANG_WARN_SUSPICIOUS_MOVE = YES;
				CLANG_WARN_UNGUARDED_AVAILABILITY = YES_AGGRESSIVE;
				CLANG_WARN_UNREACHABLE_CODE = YES;
				CLANG_WARN__DUPLICATE_METHOD_MATCH = YES;
				CODE_SIGN_IDENTITY = "iPhone Developer";
				COPY_PHASE_STRIP = NO;
				DEBUG_INFORMATION_FORMAT = dwarf;
				ENABLE_STRICT_OBJC_MSGSEND = YES;
				ENABLE_TESTABILITY = YES;
				GCC_C_LANGUAGE_STANDARD = gnu11;
				GCC_DYNAMIC_NO_PIC = NO;
				GCC_NO_COMMON_BLOCKS = YES;
				GCC_OPTIMIZATION_LEVEL = 0;
				GCC_PREPROCESSOR_DEFINITIONS = (
					"DEBUG=1",
					"$(inherited)",
				);
				GCC_WARN_64_TO_32_BIT_CONVERSION = YES;
				GCC_WARN_ABOUT_RETURN_TYPE = YES_ERROR;
				GCC_WARN_UNDECLARED_SELECTOR = YES;
				GCC_WARN_UNINITIALIZED_AUTOS = YES_AGGRESSIVE;
				GCC_WARN_UNUSED_FUNCTION = YES;
				GCC_WARN_UNUSED_VARIABLE = YES;
				IPHONEOS_DEPLOYMENT_TARGET = 12.2;
				MTL_ENABLE_DEBUG_INFO = INCLUDE_SOURCE;
				MTL_FAST_MATH = YES;
				ONLY_ACTIVE_ARCH = YES;
				SDKROOT = iphoneos;
				SWIFT_ACTIVE_COMPILATION_CONDITIONS = DEBUG;
				SWIFT_OPTIMIZATION_LEVEL = "-Onone";
			};
			name = Debug;
		};
		0651EADA22E826E7007C31FD /* Release */ = {
			isa = XCBuildConfiguration;
			buildSettings = {
				ALWAYS_SEARCH_USER_PATHS = NO;
				CLANG_ANALYZER_NONNULL = YES;
				CLANG_ANALYZER_NUMBER_OBJECT_CONVERSION = YES_AGGRESSIVE;
				CLANG_CXX_LANGUAGE_STANDARD = "gnu++14";
				CLANG_CXX_LIBRARY = "libc++";
				CLANG_ENABLE_MODULES = YES;
				CLANG_ENABLE_OBJC_ARC = YES;
				CLANG_ENABLE_OBJC_WEAK = YES;
				CLANG_WARN_BLOCK_CAPTURE_AUTORELEASING = YES;
				CLANG_WARN_BOOL_CONVERSION = YES;
				CLANG_WARN_COMMA = YES;
				CLANG_WARN_CONSTANT_CONVERSION = YES;
				CLANG_WARN_DEPRECATED_OBJC_IMPLEMENTATIONS = YES;
				CLANG_WARN_DIRECT_OBJC_ISA_USAGE = YES_ERROR;
				CLANG_WARN_DOCUMENTATION_COMMENTS = YES;
				CLANG_WARN_EMPTY_BODY = YES;
				CLANG_WARN_ENUM_CONVERSION = YES;
				CLANG_WARN_INFINITE_RECURSION = YES;
				CLANG_WARN_INT_CONVERSION = YES;
				CLANG_WARN_NON_LITERAL_NULL_CONVERSION = YES;
				CLANG_WARN_OBJC_IMPLICIT_RETAIN_SELF = YES;
				CLANG_WARN_OBJC_LITERAL_CONVERSION = YES;
				CLANG_WARN_OBJC_ROOT_CLASS = YES_ERROR;
				CLANG_WARN_RANGE_LOOP_ANALYSIS = YES;
				CLANG_WARN_STRICT_PROTOTYPES = YES;
				CLANG_WARN_SUSPICIOUS_MOVE = YES;
				CLANG_WARN_UNGUARDED_AVAILABILITY = YES_AGGRESSIVE;
				CLANG_WARN_UNREACHABLE_CODE = YES;
				CLANG_WARN__DUPLICATE_METHOD_MATCH = YES;
				CODE_SIGN_IDENTITY = "iPhone Developer";
				COPY_PHASE_STRIP = NO;
				DEBUG_INFORMATION_FORMAT = "dwarf-with-dsym";
				ENABLE_NS_ASSERTIONS = NO;
				ENABLE_STRICT_OBJC_MSGSEND = YES;
				GCC_C_LANGUAGE_STANDARD = gnu11;
				GCC_NO_COMMON_BLOCKS = YES;
				GCC_WARN_64_TO_32_BIT_CONVERSION = YES;
				GCC_WARN_ABOUT_RETURN_TYPE = YES_ERROR;
				GCC_WARN_UNDECLARED_SELECTOR = YES;
				GCC_WARN_UNINITIALIZED_AUTOS = YES_AGGRESSIVE;
				GCC_WARN_UNUSED_FUNCTION = YES;
				GCC_WARN_UNUSED_VARIABLE = YES;
				IPHONEOS_DEPLOYMENT_TARGET = 12.2;
				MTL_ENABLE_DEBUG_INFO = NO;
				MTL_FAST_MATH = YES;
				SDKROOT = iphoneos;
				SWIFT_COMPILATION_MODE = wholemodule;
				SWIFT_OPTIMIZATION_LEVEL = "-O";
				VALIDATE_PRODUCT = YES;
			};
			name = Release;
		};
		0651EADC22E826E7007C31FD /* Debug */ = {
			isa = XCBuildConfiguration;
			baseConfigurationReference = A9C159A46F65BB248A7F59F8 /* Pods-TGMine_extension.debug.xcconfig */;
			buildSettings = {
				ASSETCATALOG_COMPILER_APPICON_NAME = AppIcon;
				CLANG_ENABLE_MODULES = YES;
				CODE_SIGN_STYLE = Automatic;
				DEVELOPMENT_TEAM = 839RTY5C9C;
				INFOPLIST_FILE = TGMine_extension/Info.plist;
				LD_RUNPATH_SEARCH_PATHS = (
					"$(inherited)",
					"@executable_path/Frameworks",
				);
				PRODUCT_BUNDLE_IDENTIFIER = "com.tangmengze.TGMine-extension";
				PRODUCT_NAME = "$(TARGET_NAME)";
				SWIFT_OBJC_BRIDGING_HEADER = "TGMine_extension/TGMine_extension-Bridging-Header.h";
				SWIFT_OPTIMIZATION_LEVEL = "-Onone";
				SWIFT_VERSION = 5.0;
				TARGETED_DEVICE_FAMILY = "1,2";
			};
			name = Debug;
		};
		0651EADD22E826E7007C31FD /* Release */ = {
			isa = XCBuildConfiguration;
			baseConfigurationReference = B832673E072BB770ECB8E786 /* Pods-TGMine_extension.release.xcconfig */;
			buildSettings = {
				ASSETCATALOG_COMPILER_APPICON_NAME = AppIcon;
				CLANG_ENABLE_MODULES = YES;
				CODE_SIGN_STYLE = Automatic;
				DEVELOPMENT_TEAM = 839RTY5C9C;
				INFOPLIST_FILE = TGMine_extension/Info.plist;
				LD_RUNPATH_SEARCH_PATHS = (
					"$(inherited)",
					"@executable_path/Frameworks",
				);
				PRODUCT_BUNDLE_IDENTIFIER = "com.tangmengze.TGMine-extension";
				PRODUCT_NAME = "$(TARGET_NAME)";
				SWIFT_OBJC_BRIDGING_HEADER = "TGMine_extension/TGMine_extension-Bridging-Header.h";
				SWIFT_VERSION = 5.0;
				TARGETED_DEVICE_FAMILY = "1,2";
			};
			name = Release;
		};
/* End XCBuildConfiguration section */

/* Begin XCConfigurationList section */
		0651EAC422E826E6007C31FD /* Build configuration list for PBXProject "TGMine_extension" */ = {
			isa = XCConfigurationList;
			buildConfigurations = (
				0651EAD922E826E7007C31FD /* Debug */,
				0651EADA22E826E7007C31FD /* Release */,
			);
			defaultConfigurationIsVisible = 0;
			defaultConfigurationName = Release;
		};
		0651EADB22E826E7007C31FD /* Build configuration list for PBXNativeTarget "TGMine_extension" */ = {
			isa = XCConfigurationList;
			buildConfigurations = (
				0651EADC22E826E7007C31FD /* Debug */,
				0651EADD22E826E7007C31FD /* Release */,
			);
			defaultConfigurationIsVisible = 0;
			defaultConfigurationName = Release;
		};
/* End XCConfigurationList section */
	};
	rootObject = 0651EAC122E826E6007C31FD /* Project object */;
}
